
Microsoft Visual Studio Solution File, Format Version 12.00
# Visual Studio Version 17
VisualStudioVersion = 17.11.35312.102
MinimumVisualStudioVersion = 10.0.40219.1
Project("{8BC9CEB8-8B4A-11D0-8D11-00A0C91BC942}") = "LB1Linux", "LB1Linux\LB1Linux.vcxproj", "{296017D2-AB66-4B0F-A3D8-65DFC40E9019}"
EndProject
Project("{8BC9CEB8-8B4A-11D0-8D11-00A0C91BC942}") = "C", "C\C.vcxproj", "{0F0FE03A-78F3-4B34-9DCE-0CDFF1FB5C40}"
EndProject
Project("{8BC9CEB8-8B4A-11D0-8D11-00A0C91BC942}") = "WinPR", "WinPR\WinPR.vcxproj", "{4CC0C211-848D-440C-A9CB-276AB2DDBA4F}"
EndProject
Project("{2150E333-8FDC-42A3-9474-1A3956D46DE8}") = "Элементы решения", "Элементы решения", "{08701C16-670D-4794-ABCF-9E11104E3860}"
	ProjectSection(SolutionItems) = preProject
		.gitignore = .gitignore
	EndProjectSection
EndProject
Global
	GlobalSection(SolutionConfigurationPlatforms) = preSolution
		Debug|ARM = Debug|ARM
		Debug|ARM64 = Debug|ARM64
		Debug|x64 = Debug|x64
		Debug|x86 = Debug|x86
		DebugDLL|ARM = DebugDLL|ARM
		DebugDLL|ARM64 = DebugDLL|ARM64
		DebugDLL|x64 = DebugDLL|x64
		DebugDLL|x86 = DebugDLL|x86
		Release|ARM = Release|ARM
		Release|ARM64 = Release|ARM64
		Release|x64 = Release|x64
		Release|x86 = Release|x86
		ReleaseDLL|ARM = ReleaseDLL|ARM
		ReleaseDLL|ARM64 = ReleaseDLL|ARM64
		ReleaseDLL|x64 = ReleaseDLL|x64
		ReleaseDLL|x86 = ReleaseDLL|x86
	EndGlobalSection
	GlobalSection(ProjectConfigurationPlatforms) = postSolution
		{296017D2-AB66-4B0F-A3D8-65DFC40E9019}.Debug|ARM.ActiveCfg = Debug|ARM
		{296017D2-AB66-4B0F-A3D8-65DFC40E9019}.Debug|ARM.Build.0 = Debug|ARM
		{296017D2-AB66-4B0F-A3D8-65DFC40E9019}.Debug|ARM.Deploy.0 = Debug|ARM
		{296017D2-AB66-4B0F-A3D8-65DFC40E9019}.Debug|ARM64.ActiveCfg = Debug|ARM64
		{296017D2-AB66-4B0F-A3D8-65DFC40E9019}.Debug|ARM64.Build.0 = Debug|ARM64
		{296017D2-AB66-4B0F-A3D8-65DFC40E9019}.Debug|ARM64.Deploy.0 = Debug|ARM64
		{296017D2-AB66-4B0F-A3D8-65DFC40E9019}.Debug|x64.ActiveCfg = Debug|x64
		{296017D2-AB66-4B0F-A3D8-65DFC40E9019}.Debug|x64.Build.0 = Debug|x64
		{296017D2-AB66-4B0F-A3D8-65DFC40E9019}.Debug|x64.Deploy.0 = Debug|x64
		{296017D2-AB66-4B0F-A3D8-65DFC40E9019}.Debug|x86.ActiveCfg = Debug|x86
		{296017D2-AB66-4B0F-A3D8-65DFC40E9019}.Debug|x86.Build.0 = Debug|x86
		{296017D2-AB66-4B0F-A3D8-65DFC40E9019}.Debug|x86.Deploy.0 = Debug|x86
		{296017D2-AB66-4B0F-A3D8-65DFC40E9019}.DebugDLL|ARM.ActiveCfg = Debug|ARM
		{296017D2-AB66-4B0F-A3D8-65DFC40E9019}.DebugDLL|ARM.Build.0 = Debug|ARM
		{296017D2-AB66-4B0F-A3D8-65DFC40E9019}.DebugDLL|ARM.Deploy.0 = Debug|ARM
		{296017D2-AB66-4B0F-A3D8-65DFC40E9019}.DebugDLL|ARM64.ActiveCfg = Debug|ARM64
		{296017D2-AB66-4B0F-A3D8-65DFC40E9019}.DebugDLL|ARM64.Build.0 = Debug|ARM64
		{296017D2-AB66-4B0F-A3D8-65DFC40E9019}.DebugDLL|ARM64.Deploy.0 = Debug|ARM64
		{296017D2-AB66-4B0F-A3D8-65DFC40E9019}.DebugDLL|x64.ActiveCfg = Debug|x64
		{296017D2-AB66-4B0F-A3D8-65DFC40E9019}.DebugDLL|x64.Build.0 = Debug|x64
		{296017D2-AB66-4B0F-A3D8-65DFC40E9019}.DebugDLL|x64.Deploy.0 = Debug|x64
		{296017D2-AB66-4B0F-A3D8-65DFC40E9019}.DebugDLL|x86.ActiveCfg = Debug|x86
		{296017D2-AB66-4B0F-A3D8-65DFC40E9019}.DebugDLL|x86.Build.0 = Debug|x86
		{296017D2-AB66-4B0F-A3D8-65DFC40E9019}.DebugDLL|x86.Deploy.0 = Debug|x86
		{296017D2-AB66-4B0F-A3D8-65DFC40E9019}.Release|ARM.ActiveCfg = Release|ARM
		{296017D2-AB66-4B0F-A3D8-65DFC40E9019}.Release|ARM.Build.0 = Release|ARM
		{296017D2-AB66-4B0F-A3D8-65DFC40E9019}.Release|ARM.Deploy.0 = Release|ARM
		{296017D2-AB66-4B0F-A3D8-65DFC40E9019}.Release|ARM64.ActiveCfg = Release|ARM64
		{296017D2-AB66-4B0F-A3D8-65DFC40E9019}.Release|ARM64.Build.0 = Release|ARM64
		{296017D2-AB66-4B0F-A3D8-65DFC40E9019}.Release|ARM64.Deploy.0 = Release|ARM64
		{296017D2-AB66-4B0F-A3D8-65DFC40E9019}.Release|x64.ActiveCfg = Release|x64
		{296017D2-AB66-4B0F-A3D8-65DFC40E9019}.Release|x64.Build.0 = Release|x64
		{296017D2-AB66-4B0F-A3D8-65DFC40E9019}.Release|x64.Deploy.0 = Release|x64
		{296017D2-AB66-4B0F-A3D8-65DFC40E9019}.Release|x86.ActiveCfg = Release|x86
		{296017D2-AB66-4B0F-A3D8-65DFC40E9019}.Release|x86.Build.0 = Release|x86
		{296017D2-AB66-4B0F-A3D8-65DFC40E9019}.Release|x86.Deploy.0 = Release|x86
		{296017D2-AB66-4B0F-A3D8-65DFC40E9019}.ReleaseDLL|ARM.ActiveCfg = Release|ARM
		{296017D2-AB66-4B0F-A3D8-65DFC40E9019}.ReleaseDLL|ARM.Build.0 = Release|ARM
		{296017D2-AB66-4B0F-A3D8-65DFC40E9019}.ReleaseDLL|ARM.Deploy.0 = Release|ARM
		{296017D2-AB66-4B0F-A3D8-65DFC40E9019}.ReleaseDLL|ARM64.ActiveCfg = Release|ARM64
		{296017D2-AB66-4B0F-A3D8-65DFC40E9019}.ReleaseDLL|ARM64.Build.0 = Release|ARM64
		{296017D2-AB66-4B0F-A3D8-65DFC40E9019}.ReleaseDLL|ARM64.Deploy.0 = Release|ARM64
		{296017D2-AB66-4B0F-A3D8-65DFC40E9019}.ReleaseDLL|x64.ActiveCfg = Release|x64
		{296017D2-AB66-4B0F-A3D8-65DFC40E9019}.ReleaseDLL|x64.Build.0 = Release|x64
		{296017D2-AB66-4B0F-A3D8-65DFC40E9019}.ReleaseDLL|x64.Deploy.0 = Release|x64
		{296017D2-AB66-4B0F-A3D8-65DFC40E9019}.ReleaseDLL|x86.ActiveCfg = Release|x86
		{296017D2-AB66-4B0F-A3D8-65DFC40E9019}.ReleaseDLL|x86.Build.0 = Release|x86
		{296017D2-AB66-4B0F-A3D8-65DFC40E9019}.ReleaseDLL|x86.Deploy.0 = Release|x86
		{0F0FE03A-78F3-4B34-9DCE-0CDFF1FB5C40}.Debug|ARM.ActiveCfg = Debug|x64
		{0F0FE03A-78F3-4B34-9DCE-0CDFF1FB5C40}.Debug|ARM.Build.0 = Debug|x64
		{0F0FE03A-78F3-4B34-9DCE-0CDFF1FB5C40}.Debug|ARM64.ActiveCfg = Debug|x64
		{0F0FE03A-78F3-4B34-9DCE-0CDFF1FB5C40}.Debug|ARM64.Build.0 = Debug|x64
		{0F0FE03A-78F3-4B34-9DCE-0CDFF1FB5C40}.Debug|x64.ActiveCfg = Debug|x64
		{0F0FE03A-78F3-4B34-9DCE-0CDFF1FB5C40}.Debug|x64.Build.0 = Debug|x64
		{0F0FE03A-78F3-4B34-9DCE-0CDFF1FB5C40}.Debug|x86.ActiveCfg = Debug|Win32
		{0F0FE03A-78F3-4B34-9DCE-0CDFF1FB5C40}.Debug|x86.Build.0 = Debug|Win32
		{0F0FE03A-78F3-4B34-9DCE-0CDFF1FB5C40}.DebugDLL|ARM.ActiveCfg = DebugDLL|x64
		{0F0FE03A-78F3-4B34-9DCE-0CDFF1FB5C40}.DebugDLL|ARM.Build.0 = DebugDLL|x64
		{0F0FE03A-78F3-4B34-9DCE-0CDFF1FB5C40}.DebugDLL|ARM64.ActiveCfg = DebugDLL|x64
		{0F0FE03A-78F3-4B34-9DCE-0CDFF1FB5C40}.DebugDLL|ARM64.Build.0 = DebugDLL|x64
		{0F0FE03A-78F3-4B34-9DCE-0CDFF1FB5C40}.DebugDLL|x64.ActiveCfg = DebugDLL|x64
		{0F0FE03A-78F3-4B34-9DCE-0CDFF1FB5C40}.DebugDLL|x64.Build.0 = DebugDLL|x64
		{0F0FE03A-78F3-4B34-9DCE-0CDFF1FB5C40}.DebugDLL|x86.ActiveCfg = DebugDLL|Win32
		{0F0FE03A-78F3-4B34-9DCE-0CDFF1FB5C40}.DebugDLL|x86.Build.0 = DebugDLL|Win32
		{0F0FE03A-78F3-4B34-9DCE-0CDFF1FB5C40}.Release|ARM.ActiveCfg = Release|x64
		{0F0FE03A-78F3-4B34-9DCE-0CDFF1FB5C40}.Release|ARM.Build.0 = Release|x64
		{0F0FE03A-78F3-4B34-9DCE-0CDFF1FB5C40}.Release|ARM64.ActiveCfg = Release|x64
		{0F0FE03A-78F3-4B34-9DCE-0CDFF1FB5C40}.Release|ARM64.Build.0 = Release|x64
		{0F0FE03A-78F3-4B34-9DCE-0CDFF1FB5C40}.Release|x64.ActiveCfg = Release|x64
		{0F0FE03A-78F3-4B34-9DCE-0CDFF1FB5C40}.Release|x64.Build.0 = Release|x64
		{0F0FE03A-78F3-4B34-9DCE-0CDFF1FB5C40}.Release|x86.ActiveCfg = Release|Win32
		{0F0FE03A-78F3-4B34-9DCE-0CDFF1FB5C40}.Release|x86.Build.0 = Release|Win32
		{0F0FE03A-78F3-4B34-9DCE-0CDFF1FB5C40}.ReleaseDLL|ARM.ActiveCfg = ReleaseDLL|x64
		{0F0FE03A-78F3-4B34-9DCE-0CDFF1FB5C40}.ReleaseDLL|ARM.Build.0 = ReleaseDLL|x64
		{0F0FE03A-78F3-4B34-9DCE-0CDFF1FB5C40}.ReleaseDLL|ARM64.ActiveCfg = ReleaseDLL|x64
		{0F0FE03A-78F3-4B34-9DCE-0CDFF1FB5C40}.ReleaseDLL|ARM64.Build.0 = ReleaseDLL|x64
		{0F0FE03A-78F3-4B34-9DCE-0CDFF1FB5C40}.ReleaseDLL|x64.ActiveCfg = ReleaseDLL|x64
		{0F0FE03A-78F3-4B34-9DCE-0CDFF1FB5C40}.ReleaseDLL|x64.Build.0 = ReleaseDLL|x64
		{0F0FE03A-78F3-4B34-9DCE-0CDFF1FB5C40}.ReleaseDLL|x86.ActiveCfg = ReleaseDLL|Win32
		{0F0FE03A-78F3-4B34-9DCE-0CDFF1FB5C40}.ReleaseDLL|x86.Build.0 = ReleaseDLL|Win32
		{4CC0C211-848D-440C-A9CB-276AB2DDBA4F}.Debug|ARM.ActiveCfg = Debug|x64
		{4CC0C211-848D-440C-A9CB-276AB2DDBA4F}.Debug|ARM.Build.0 = Debug|x64
		{4CC0C211-848D-440C-A9CB-276AB2DDBA4F}.Debug|ARM64.ActiveCfg = Debug|x64
		{4CC0C211-848D-440C-A9CB-276AB2DDBA4F}.Debug|ARM64.Build.0 = Debug|x64
		{4CC0C211-848D-440C-A9CB-276AB2DDBA4F}.Debug|x64.ActiveCfg = Debug|x64
		{4CC0C211-848D-440C-A9CB-276AB2DDBA4F}.Debug|x64.Build.0 = Debug|x64
		{4CC0C211-848D-440C-A9CB-276AB2DDBA4F}.Debug|x86.ActiveCfg = Debug|Win32
		{4CC0C211-848D-440C-A9CB-276AB2DDBA4F}.Debug|x86.Build.0 = Debug|Win32
		{4CC0C211-848D-440C-A9CB-276AB2DDBA4F}.DebugDLL|ARM.ActiveCfg = Debug|x64
		{4CC0C211-848D-440C-A9CB-276AB2DDBA4F}.DebugDLL|ARM.Build.0 = Debug|x64
		{4CC0C211-848D-440C-A9CB-276AB2DDBA4F}.DebugDLL|ARM64.ActiveCfg = Debug|x64
		{4CC0C211-848D-440C-A9CB-276AB2DDBA4F}.DebugDLL|ARM64.Build.0 = Debug|x64
		{4CC0C211-848D-440C-A9CB-276AB2DDBA4F}.DebugDLL|x64.ActiveCfg = Debug|x64
		{4CC0C211-848D-440C-A9CB-276AB2DDBA4F}.DebugDLL|x64.Build.0 = Debug|x64
		{4CC0C211-848D-440C-A9CB-276AB2DDBA4F}.DebugDLL|x86.ActiveCfg = Debug|Win32
		{4CC0C211-848D-440C-A9CB-276AB2DDBA4F}.DebugDLL|x86.Build.0 = Debug|Win32
		{4CC0C211-848D-440C-A9CB-276AB2DDBA4F}.Release|ARM.ActiveCfg = Release|x64
		{4CC0C211-848D-440C-A9CB-276AB2DDBA4F}.Release|ARM.Build.0 = Release|x64
		{4CC0C211-848D-440C-A9CB-276AB2DDBA4F}.Release|ARM64.ActiveCfg = Release|x64
		{4CC0C211-848D-440C-A9CB-276AB2DDBA4F}.Release|ARM64.Build.0 = Release|x64
		{4CC0C211-848D-440C-A9CB-276AB2DDBA4F}.Release|x64.ActiveCfg = Release|x64
		{4CC0C211-848D-440C-A9CB-276AB2DDBA4F}.Release|x64.Build.0 = Release|x64
		{4CC0C211-848D-440C-A9CB-276AB2DDBA4F}.Release|x86.ActiveCfg = Release|Win32
		{4CC0C211-848D-440C-A9CB-276AB2DDBA4F}.Release|x86.Build.0 = Release|Win32
		{4CC0C211-848D-440C-A9CB-276AB2DDBA4F}.ReleaseDLL|ARM.ActiveCfg = Release|x64
		{4CC0C211-848D-440C-A9CB-276AB2DDBA4F}.ReleaseDLL|ARM.Build.0 = Release|x64
		{4CC0C211-848D-440C-A9CB-276AB2DDBA4F}.ReleaseDLL|ARM64.ActiveCfg = Release|x64
		{4CC0C211-848D-440C-A9CB-276AB2DDBA4F}.ReleaseDLL|ARM64.Build.0 = Release|x64
		{4CC0C211-848D-440C-A9CB-276AB2DDBA4F}.ReleaseDLL|x64.ActiveCfg = Release|x64
		{4CC0C211-848D-440C-A9CB-276AB2DDBA4F}.ReleaseDLL|x64.Build.0 = Release|x64
		{4CC0C211-848D-440C-A9CB-276AB2DDBA4F}.ReleaseDLL|x86.ActiveCfg = Release|Win32
		{4CC0C211-848D-440C-A9CB-276AB2DDBA4F}.ReleaseDLL|x86.Build.0 = Release|Win32
	EndGlobalSection
	GlobalSection(SolutionProperties) = preSolution
		HideSolutionNode = FALSE
	EndGlobalSection
	GlobalSection(ExtensibilityGlobals) = postSolution
		SolutionGuid = {D8491D39-1C3A-4025-9177-D4EE2A521D05}
	EndGlobalSection
EndGlobal
